{
  "object": {
    "pins": [
      {
        "package": "mdbx-ios",
        "repositoryURL": "https://github.com/Foboz/mdbx-ios.git",
        "state": {
          "branch": null,
          "revision": "56b288908a3b8182e6d4ab2b9e96b209942dfbf7",
          "version": "1.0.7"
        }
      },
      {
        "package": "MEWextensions",
        "repositoryURL": "https://github.com/Foboz/MEWextensions.git",
        "state": {
          "branch": null,
          "revision": "faed5fb95070d9274e14151631a813fdc0b00cc9",
          "version": "1.0.9"
        }
      }
    ]
  },
  "version": 1
}
