{
  "object": {
    "pins": [
      {
        "package": "mdbx-ios",
        "repositoryURL": "git@github.com:mewwallet/mdbx-ios.git",
        "state": {
          "branch": null,
          "revision": "321bbef5a1201e0a21add3b52fa268fd79bad6d8",
          "version": "1.0.9"
        }
      },
      {
        "package": "MEWextensions",
        "repositoryURL": "https://github.com/Foboz/MEWextensions.git",
        "state": {
          "branch": null,
          "revision": "e0699b858709aaa80d79e6c6bc8baec4d6ee5d86",
          "version": "1.0.12"
        }
      },
      {
        "package": "swift-algorithms",
        "repositoryURL": "https://github.com/apple/swift-algorithms.git",
        "state": {
          "branch": null,
          "revision": "b14b7f4c528c942f121c8b860b9410b2bf57825e",
          "version": "1.0.0"
        }
      },
      {
        "package": "swift-numerics",
        "repositoryURL": "https://github.com/apple/swift-numerics",
        "state": {
          "branch": null,
          "revision": "0a5bc04095a675662cf24757cc0640aa2204253b",
          "version": "1.0.2"
        }
      },
      {
        "package": "SwiftProtobuf",
        "repositoryURL": "https://github.com/apple/swift-protobuf.git",
        "state": {
          "branch": null,
          "revision": "7e2c5f3cbbeea68e004915e3a8961e20bd11d824",
          "version": "1.18.0"
        }
      }
    ]
  },
  "version": 1
}
